
Microsoft Visual Studio Solution File, Format Version 12.00
# Visual Studio Version 17
VisualStudioVersion = 17.7.34024.191
MinimumVisualStudioVersion = 10.0.40219.1
Project("{FAE04EC0-301F-11D3-BF4B-00C04F79EFBC}") = "Aufgabe1", "Aufgabe1.csproj", "{1B6807D7-4DD3-43E6-AFC4-E2D2B9A12019}"
EndProject
Global
	GlobalSection(SolutionConfigurationPlatforms) = preSolution
		Debug|Any CPU = Debug|Any CPU
		Release|Any CPU = Release|Any CPU
	EndGlobalSection
	GlobalSection(ProjectConfigurationPlatforms) = postSolution
		{1B6807D7-4DD3-43E6-AFC4-E2D2B9A12019}.Debug|Any CPU.ActiveCfg = Debug|Any CPU
		{1B6807D7-4DD3-43E6-AFC4-E2D2B9A12019}.Debug|Any CPU.Build.0 = Debug|Any CPU
		{1B6807D7-4DD3-43E6-AFC4-E2D2B9A12019}.Release|Any CPU.ActiveCfg = Release|Any CPU
		{1B6807D7-4DD3-43E6-AFC4-E2D2B9A12019}.Release|Any CPU.Build.0 = Release|Any CPU
	EndGlobalSection
	GlobalSection(SolutionProperties) = preSolution
		HideSolutionNode = FALSE
	EndGlobalSection
	GlobalSection(ExtensibilityGlobals) = postSolution
		SolutionGuid = {8BEE63EC-F821-4287-B11F-0EEDECC93334}
	EndGlobalSection
EndGlobal
